// !$*UTF8*$!
{
	archiveVersion = 1;
	classes = {
	};
	objectVersion = 51;
	objects = {

/* Begin PBXBuildFile section */
		894F256F24484AAE00FAB922 /* RegisterViewController.swift in Sources */ = {isa = PBXBuildFile; fileRef = 894F256E24484AAE00FAB922 /* RegisterViewController.swift */; };
		894F25712449819A00FAB922 /* LoginViewController.swift in Sources */ = {isa = PBXBuildFile; fileRef = 894F25702449819900FAB922 /* LoginViewController.swift */; };
		894F2574244984DC00FAB922 /* CustomCell.swift in Sources */ = {isa = PBXBuildFile; fileRef = 894F2572244984DC00FAB922 /* CustomCell.swift */; };
		894F2575244984DC00FAB922 /* CustomCell.xib in Resources */ = {isa = PBXBuildFile; fileRef = 894F2573244984DC00FAB922 /* CustomCell.xib */; };
		894F25772449894F00FAB922 /* ChatViewController.swift in Sources */ = {isa = PBXBuildFile; fileRef = 894F25762449894F00FAB922 /* ChatViewController.swift */; };
		894F2579244AB07C00FAB922 /* Message.swift in Sources */ = {isa = PBXBuildFile; fileRef = 894F2578244AB07C00FAB922 /* Message.swift */; };
		894F257B244AD98F00FAB922 /* GoogleService-Info.plist in Resources */ = {isa = PBXBuildFile; fileRef = 894F257A244AD98F00FAB922 /* GoogleService-Info.plist */; };
		894F257D244ADB1500FAB922 /* loading.json in Resources */ = {isa = PBXBuildFile; fileRef = 894F257C244ADB1500FAB922 /* loading.json */; };
		898CC47D2448308600F19E2F /* AppDelegate.swift in Sources */ = {isa = PBXBuildFile; fileRef = 898CC47C2448308600F19E2F /* AppDelegate.swift */; };
		898CC47F2448308600F19E2F /* SceneDelegate.swift in Sources */ = {isa = PBXBuildFile; fileRef = 898CC47E2448308600F19E2F /* SceneDelegate.swift */; };
		898CC4812448308600F19E2F /* ViewController.swift in Sources */ = {isa = PBXBuildFile; fileRef = 898CC4802448308600F19E2F /* ViewController.swift */; };
		898CC4842448308600F19E2F /* Main.storyboard in Resources */ = {isa = PBXBuildFile; fileRef = 898CC4822448308600F19E2F /* Main.storyboard */; };
		898CC4862448308A00F19E2F /* Assets.xcassets in Resources */ = {isa = PBXBuildFile; fileRef = 898CC4852448308A00F19E2F /* Assets.xcassets */; };
		898CC4892448308B00F19E2F /* LaunchScreen.storyboard in Resources */ = {isa = PBXBuildFile; fileRef = 898CC4872448308B00F19E2F /* LaunchScreen.storyboard */; };
		FBCBD6A9BC369557FB54F6AF /* Pods_KokoroTalk.framework in Frameworks */ = {isa = PBXBuildFile; fileRef = 480725CCC799C94BBD33FAFA /* Pods_KokoroTalk.framework */; };
/* End PBXBuildFile section */

/* Begin PBXFileReference section */
		480725CCC799C94BBD33FAFA /* Pods_KokoroTalk.framework */ = {isa = PBXFileReference; explicitFileType = wrapper.framework; includeInIndex = 0; path = Pods_KokoroTalk.framework; sourceTree = BUILT_PRODUCTS_DIR; };
		894F256E24484AAE00FAB922 /* RegisterViewController.swift */ = {isa = PBXFileReference; lastKnownFileType = sourcecode.swift; path = RegisterViewController.swift; sourceTree = "<group>"; };
		894F25702449819900FAB922 /* LoginViewController.swift */ = {isa = PBXFileReference; lastKnownFileType = sourcecode.swift; path = LoginViewController.swift; sourceTree = "<group>"; };
		894F2572244984DC00FAB922 /* CustomCell.swift */ = {isa = PBXFileReference; lastKnownFileType = sourcecode.swift; path = CustomCell.swift; sourceTree = "<group>"; };
		894F2573244984DC00FAB922 /* CustomCell.xib */ = {isa = PBXFileReference; lastKnownFileType = file.xib; path = CustomCell.xib; sourceTree = "<group>"; };
		894F25762449894F00FAB922 /* ChatViewController.swift */ = {isa = PBXFileReference; lastKnownFileType = sourcecode.swift; path = ChatViewController.swift; sourceTree = "<group>"; };
		894F2578244AB07C00FAB922 /* Message.swift */ = {isa = PBXFileReference; lastKnownFileType = sourcecode.swift; path = Message.swift; sourceTree = "<group>"; };
		894F257A244AD98F00FAB922 /* GoogleService-Info.plist */ = {isa = PBXFileReference; fileEncoding = 4; lastKnownFileType = text.plist.xml; path = "GoogleService-Info.plist"; sourceTree = "<group>"; };
		894F257C244ADB1500FAB922 /* loading.json */ = {isa = PBXFileReference; fileEncoding = 4; lastKnownFileType = text.json; path = loading.json; sourceTree = "<group>"; };
		898CC4792448308600F19E2F /* KokoroTalk.app */ = {isa = PBXFileReference; explicitFileType = wrapper.application; includeInIndex = 0; path = KokoroTalk.app; sourceTree = BUILT_PRODUCTS_DIR; };
		898CC47C2448308600F19E2F /* AppDelegate.swift */ = {isa = PBXFileReference; lastKnownFileType = sourcecode.swift; path = AppDelegate.swift; sourceTree = "<group>"; };
		898CC47E2448308600F19E2F /* SceneDelegate.swift */ = {isa = PBXFileReference; lastKnownFileType = sourcecode.swift; path = SceneDelegate.swift; sourceTree = "<group>"; };
		898CC4802448308600F19E2F /* ViewController.swift */ = {isa = PBXFileReference; lastKnownFileType = sourcecode.swift; path = ViewController.swift; sourceTree = "<group>"; };
		898CC4832448308600F19E2F /* Base */ = {isa = PBXFileReference; lastKnownFileType = file.storyboard; name = Base; path = Base.lproj/Main.storyboard; sourceTree = "<group>"; };
		898CC4852448308A00F19E2F /* Assets.xcassets */ = {isa = PBXFileReference; lastKnownFileType = folder.assetcatalog; path = Assets.xcassets; sourceTree = "<group>"; };
		898CC4882448308B00F19E2F /* Base */ = {isa = PBXFileReference; lastKnownFileType = file.storyboard; name = Base; path = Base.lproj/LaunchScreen.storyboard; sourceTree = "<group>"; };
		898CC48A2448308B00F19E2F /* Info.plist */ = {isa = PBXFileReference; lastKnownFileType = text.plist.xml; path = Info.plist; sourceTree = "<group>"; };
		C688CAC526A6979F5EF31AB2 /* Pods-KokoroTalk.debug.xcconfig */ = {isa = PBXFileReference; includeInIndex = 1; lastKnownFileType = text.xcconfig; name = "Pods-KokoroTalk.debug.xcconfig"; path = "Target Support Files/Pods-KokoroTalk/Pods-KokoroTalk.debug.xcconfig"; sourceTree = "<group>"; };
		DAE7A78B347AA56914487167 /* Pods-KokoroTalk.release.xcconfig */ = {isa = PBXFileReference; includeInIndex = 1; lastKnownFileType = text.xcconfig; name = "Pods-KokoroTalk.release.xcconfig"; path = "Target Support Files/Pods-KokoroTalk/Pods-KokoroTalk.release.xcconfig"; sourceTree = "<group>"; };
/* End PBXFileReference section */

/* Begin PBXFrameworksBuildPhase section */
		898CC4762448308500F19E2F /* Frameworks */ = {
			isa = PBXFrameworksBuildPhase;
			buildActionMask = 2147483647;
			files = (
				FBCBD6A9BC369557FB54F6AF /* Pods_KokoroTalk.framework in Frameworks */,
			);
			runOnlyForDeploymentPostprocessing = 0;
		};
/* End PBXFrameworksBuildPhase section */

/* Begin PBXGroup section */
		4E1F30C4BF46EB4F3C00CC6C /* Pods */ = {
			isa = PBXGroup;
			children = (
				C688CAC526A6979F5EF31AB2 /* Pods-KokoroTalk.debug.xcconfig */,
				DAE7A78B347AA56914487167 /* Pods-KokoroTalk.release.xcconfig */,
			);
			path = Pods;
			sourceTree = "<group>";
		};
		529ED3C20ECAABA3CE3F5AAF /* Frameworks */ = {
			isa = PBXGroup;
			children = (
				480725CCC799C94BBD33FAFA /* Pods_KokoroTalk.framework */,
			);
			name = Frameworks;
			sourceTree = "<group>";
		};
		8982A39C2448480A00A5AA79 /* Controller */ = {
			isa = PBXGroup;
			children = (
				898CC47C2448308600F19E2F /* AppDelegate.swift */,
				898CC47E2448308600F19E2F /* SceneDelegate.swift */,
				898CC4802448308600F19E2F /* ViewController.swift */,
				894F256E24484AAE00FAB922 /* RegisterViewController.swift */,
				894F25702449819900FAB922 /* LoginViewController.swift */,
				894F25762449894F00FAB922 /* ChatViewController.swift */,
			);
			path = Controller;
			sourceTree = "<group>";
		};
		8982A39D2448481B00A5AA79 /* View */ = {
			isa = PBXGroup;
			children = (
				898CC4822448308600F19E2F /* Main.storyboard */,
				898CC4852448308A00F19E2F /* Assets.xcassets */,
				894F2572244984DC00FAB922 /* CustomCell.swift */,
				894F2573244984DC00FAB922 /* CustomCell.xib */,
			);
			path = View;
			sourceTree = "<group>";
		};
		8982A39E2448482300A5AA79 /* Model */ = {
			isa = PBXGroup;
			children = (
				894F2578244AB07C00FAB922 /* Message.swift */,
			);
			path = Model;
			sourceTree = "<group>";
		};
		898CC4702448308500F19E2F = {
			isa = PBXGroup;
			children = (
				898CC47B2448308600F19E2F /* KokoroTalk */,
				898CC47A2448308600F19E2F /* Products */,
				4E1F30C4BF46EB4F3C00CC6C /* Pods */,
				529ED3C20ECAABA3CE3F5AAF /* Frameworks */,
			);
			sourceTree = "<group>";
		};
		898CC47A2448308600F19E2F /* Products */ = {
			isa = PBXGroup;
			children = (
				898CC4792448308600F19E2F /* KokoroTalk.app */,
			);
			name = Products;
			sourceTree = "<group>";
		};
		898CC47B2448308600F19E2F /* KokoroTalk */ = {
			isa = PBXGroup;
			children = (
				8982A39E2448482300A5AA79 /* Model */,
				8982A39D2448481B00A5AA79 /* View */,
				8982A39C2448480A00A5AA79 /* Controller */,
				898CC4872448308B00F19E2F /* LaunchScreen.storyboard */,
				894F257C244ADB1500FAB922 /* loading.json */,
				898CC48A2448308B00F19E2F /* Info.plist */,
				894F257A244AD98F00FAB922 /* GoogleService-Info.plist */,
			);
			path = KokoroTalk;
			sourceTree = "<group>";
		};
/* End PBXGroup section */

/* Begin PBXNativeTarget section */
		898CC4782448308500F19E2F /* KokoroTalk */ = {
			isa = PBXNativeTarget;
			buildConfigurationList = 898CC48D2448308B00F19E2F /* Build configuration list for PBXNativeTarget "KokoroTalk" */;
			buildPhases = (
				3E4014D4D34493724A81BAF0 /* [CP] Check Pods Manifest.lock */,
				898CC4752448308500F19E2F /* Sources */,
				898CC4762448308500F19E2F /* Frameworks */,
				898CC4772448308500F19E2F /* Resources */,
				E0D973BBAE11D181E7455EA4 /* [CP] Embed Pods Frameworks */,
			);
			buildRules = (
			);
			dependencies = (
			);
			name = KokoroTalk;
			productName = KokoroTalk;
			productReference = 898CC4792448308600F19E2F /* KokoroTalk.app */;
			productType = "com.apple.product-type.application";
		};
/* End PBXNativeTarget section */

/* Begin PBXProject section */
		898CC4712448308500F19E2F /* Project object */ = {
			isa = PBXProject;
			attributes = {
				LastSwiftUpdateCheck = 1140;
				LastUpgradeCheck = 1140;
				ORGANIZATIONNAME = "Ryo Yano";
				TargetAttributes = {
					898CC4782448308500F19E2F = {
						CreatedOnToolsVersion = 11.4;
					};
				};
			};
			buildConfigurationList = 898CC4742448308500F19E2F /* Build configuration list for PBXProject "KokoroTalk" */;
			compatibilityVersion = "Xcode 9.3";
			developmentRegion = en;
			hasScannedForEncodings = 0;
			knownRegions = (
				en,
				Base,
			);
			mainGroup = 898CC4702448308500F19E2F;
			productRefGroup = 898CC47A2448308600F19E2F /* Products */;
			projectDirPath = "";
			projectRoot = "";
			targets = (
				898CC4782448308500F19E2F /* KokoroTalk */,
			);
		};
/* End PBXProject section */

/* Begin PBXResourcesBuildPhase section */
		898CC4772448308500F19E2F /* Resources */ = {
			isa = PBXResourcesBuildPhase;
			buildActionMask = 2147483647;
			files = (
				898CC4892448308B00F19E2F /* LaunchScreen.storyboard in Resources */,
				898CC4862448308A00F19E2F /* Assets.xcassets in Resources */,
				894F257D244ADB1500FAB922 /* loading.json in Resources */,
				894F257B244AD98F00FAB922 /* GoogleService-Info.plist in Resources */,
				894F2575244984DC00FAB922 /* CustomCell.xib in Resources */,
				898CC4842448308600F19E2F /* Main.storyboard in Resources */,
			);
			runOnlyForDeploymentPostprocessing = 0;
		};
/* End PBXResourcesBuildPhase section */

/* Begin PBXShellScriptBuildPhase section */
		3E4014D4D34493724A81BAF0 /* [CP] Check Pods Manifest.lock */ = {
			isa = PBXShellScriptBuildPhase;
			buildActionMask = 2147483647;
			files = (
			);
			inputFileListPaths = (
			);
			inputPaths = (
				"${PODS_PODFILE_DIR_PATH}/Podfile.lock",
				"${PODS_ROOT}/Manifest.lock",
			);
			name = "[CP] Check Pods Manifest.lock";
			outputFileListPaths = (
			);
			outputPaths = (
				"$(DERIVED_FILE_DIR)/Pods-KokoroTalk-checkManifestLockResult.txt",
			);
			runOnlyForDeploymentPostprocessing = 0;
			shellPath = /bin/sh;
			shellScript = "diff \"${PODS_PODFILE_DIR_PATH}/Podfile.lock\" \"${PODS_ROOT}/Manifest.lock\" > /dev/null\nif [ $? != 0 ] ; then\n    # print error to STDERR\n    echo \"error: The sandbox is not in sync with the Podfile.lock. Run 'pod install' or update your CocoaPods installation.\" >&2\n    exit 1\nfi\n# This output is used by Xcode 'outputs' to avoid re-running this script phase.\necho \"SUCCESS\" > \"${SCRIPT_OUTPUT_FILE_0}\"\n";
			showEnvVarsInLog = 0;
		};
		E0D973BBAE11D181E7455EA4 /* [CP] Embed Pods Frameworks */ = {
			isa = PBXShellScriptBuildPhase;
			buildActionMask = 2147483647;
			files = (
			);
			inputFileListPaths = (
				"${PODS_ROOT}/Target Support Files/Pods-KokoroTalk/Pods-KokoroTalk-frameworks-${CONFIGURATION}-input-files.xcfilelist",
			);
			name = "[CP] Embed Pods Frameworks";
			outputFileListPaths = (
				"${PODS_ROOT}/Target Support Files/Pods-KokoroTalk/Pods-KokoroTalk-frameworks-${CONFIGURATION}-output-files.xcfilelist",
			);
			runOnlyForDeploymentPostprocessing = 0;
			shellPath = /bin/sh;
			shellScript = "\"${PODS_ROOT}/Target Support Files/Pods-KokoroTalk/Pods-KokoroTalk-frameworks.sh\"\n";
			showEnvVarsInLog = 0;
		};
/* End PBXShellScriptBuildPhase section */

/* Begin PBXSourcesBuildPhase section */
		898CC4752448308500F19E2F /* Sources */ = {
			isa = PBXSourcesBuildPhase;
			buildActionMask = 2147483647;
			files = (
				898CC4812448308600F19E2F /* ViewController.swift in Sources */,
				898CC47D2448308600F19E2F /* AppDelegate.swift in Sources */,
				898CC47F2448308600F19E2F /* SceneDelegate.swift in Sources */,
				894F25772449894F00FAB922 /* ChatViewController.swift in Sources */,
				894F25712449819A00FAB922 /* LoginViewController.swift in Sources */,
				894F2579244AB07C00FAB922 /* Message.swift in Sources */,
				894F2574244984DC00FAB922 /* CustomCell.swift in Sources */,
				894F256F24484AAE00FAB922 /* RegisterViewController.swift in Sources */,
			);
			runOnlyForDeploymentPostprocessing = 0;
		};
/* End PBXSourcesBuildPhase section */

/* Begin PBXVariantGroup section */
		898CC4822448308600F19E2F /* Main.storyboard */ = {
			isa = PBXVariantGroup;
			children = (
				898CC4832448308600F19E2F /* Base */,
			);
			name = Main.storyboard;
			sourceTree = "<group>";
		};
		898CC4872448308B00F19E2F /* LaunchScreen.storyboard */ = {
			isa = PBXVariantGroup;
			children = (
				898CC4882448308B00F19E2F /* Base */,
			);
			name = LaunchScreen.storyboard;
			sourceTree = "<group>";
		};
/* End PBXVariantGroup section */

/* Begin XCBuildConfiguration section */
		898CC48B2448308B00F19E2F /* Debug */ = {
			isa = XCBuildConfiguration;
			buildSettings = {
				ALWAYS_SEARCH_USER_PATHS = NO;
				CLANG_ANALYZER_NONNULL = YES;
				CLANG_ANALYZER_NUMBER_OBJECT_CONVERSION = YES_AGGRESSIVE;
				CLANG_CXX_LANGUAGE_STANDARD = "gnu++14";
				CLANG_CXX_LIBRARY = "libc++";
				CLANG_ENABLE_MODULES = YES;
				CLANG_ENABLE_OBJC_ARC = YES;
				CLANG_ENABLE_OBJC_WEAK = YES;
				CLANG_WARN_BLOCK_CAPTURE_AUTORELEASING = YES;
				CLANG_WARN_BOOL_CONVERSION = YES;
				CLANG_WARN_COMMA = YES;
				CLANG_WARN_CONSTANT_CONVERSION = YES;
				CLANG_WARN_DEPRECATED_OBJC_IMPLEMENTATIONS = YES;
				CLANG_WARN_DIRECT_OBJC_ISA_USAGE = YES_ERROR;
				CLANG_WARN_DOCUMENTATION_COMMENTS = YES;
				CLANG_WARN_EMPTY_BODY = YES;
				CLANG_WARN_ENUM_CONVERSION = YES;
				CLANG_WARN_INFINITE_RECURSION = YES;
				CLANG_WARN_INT_CONVERSION = YES;
				CLANG_WARN_NON_LITERAL_NULL_CONVERSION = YES;
				CLANG_WARN_OBJC_IMPLICIT_RETAIN_SELF = YES;
				CLANG_WARN_OBJC_LITERAL_CONVERSION = YES;
				CLANG_WARN_OBJC_ROOT_CLASS = YES_ERROR;
				CLANG_WARN_RANGE_LOOP_ANALYSIS = YES;
				CLANG_WARN_STRICT_PROTOTYPES = YES;
				CLANG_WARN_SUSPICIOUS_MOVE = YES;
				CLANG_WARN_UNGUARDED_AVAILABILITY = YES_AGGRESSIVE;
				CLANG_WARN_UNREACHABLE_CODE = YES;
				CLANG_WARN__DUPLICATE_METHOD_MATCH = YES;
				COPY_PHASE_STRIP = NO;
				DEBUG_INFORMATION_FORMAT = dwarf;
				ENABLE_STRICT_OBJC_MSGSEND = YES;
				ENABLE_TESTABILITY = YES;
				GCC_C_LANGUAGE_STANDARD = gnu11;
				GCC_DYNAMIC_NO_PIC = NO;
				GCC_NO_COMMON_BLOCKS = YES;
				GCC_OPTIMIZATION_LEVEL = 0;
				GCC_PREPROCESSOR_DEFINITIONS = (
					"DEBUG=1",
					"$(inherited)",
				);
				GCC_WARN_64_TO_32_BIT_CONVERSION = YES;
				GCC_WARN_ABOUT_RETURN_TYPE = YES_ERROR;
				GCC_WARN_UNDECLARED_SELECTOR = YES;
				GCC_WARN_UNINITIALIZED_AUTOS = YES_AGGRESSIVE;
				GCC_WARN_UNUSED_FUNCTION = YES;
				GCC_WARN_UNUSED_VARIABLE = YES;
				IPHONEOS_DEPLOYMENT_TARGET = 13.4;
				MTL_ENABLE_DEBUG_INFO = INCLUDE_SOURCE;
				MTL_FAST_MATH = YES;
				ONLY_ACTIVE_ARCH = YES;
				SDKROOT = iphoneos;
				SWIFT_ACTIVE_COMPILATION_CONDITIONS = DEBUG;
				SWIFT_OPTIMIZATION_LEVEL = "-Onone";
			};
			name = Debug;
		};
		898CC48C2448308B00F19E2F /* Release */ = {
			isa = XCBuildConfiguration;
			buildSettings = {
				ALWAYS_SEARCH_USER_PATHS = NO;
				CLANG_ANALYZER_NONNULL = YES;
				CLANG_ANALYZER_NUMBER_OBJECT_CONVERSION = YES_AGGRESSIVE;
				CLANG_CXX_LANGUAGE_STANDARD = "gnu++14";
				CLANG_CXX_LIBRARY = "libc++";
				CLANG_ENABLE_MODULES = YES;
				CLANG_ENABLE_OBJC_ARC = YES;
				CLANG_ENABLE_OBJC_WEAK = YES;
				CLANG_WARN_BLOCK_CAPTURE_AUTORELEASING = YES;
				CLANG_WARN_BOOL_CONVERSION = YES;
				CLANG_WARN_COMMA = YES;
				CLANG_WARN_CONSTANT_CONVERSION = YES;
				CLANG_WARN_DEPRECATED_OBJC_IMPLEMENTATIONS = YES;
				CLANG_WARN_DIRECT_OBJC_ISA_USAGE = YES_ERROR;
				CLANG_WARN_DOCUMENTATION_COMMENTS = YES;
				CLANG_WARN_EMPTY_BODY = YES;
				CLANG_WARN_ENUM_CONVERSION = YES;
				CLANG_WARN_INFINITE_RECURSION = YES;
				CLANG_WARN_INT_CONVERSION = YES;
				CLANG_WARN_NON_LITERAL_NULL_CONVERSION = YES;
				CLANG_WARN_OBJC_IMPLICIT_RETAIN_SELF = YES;
				CLANG_WARN_OBJC_LITERAL_CONVERSION = YES;
				CLANG_WARN_OBJC_ROOT_CLASS = YES_ERROR;
				CLANG_WARN_RANGE_LOOP_ANALYSIS = YES;
				CLANG_WARN_STRICT_PROTOTYPES = YES;
				CLANG_WARN_SUSPICIOUS_MOVE = YES;
				CLANG_WARN_UNGUARDED_AVAILABILITY = YES_AGGRESSIVE;
				CLANG_WARN_UNREACHABLE_CODE = YES;
				CLANG_WARN__DUPLICATE_METHOD_MATCH = YES;
				COPY_PHASE_STRIP = NO;
				DEBUG_INFORMATION_FORMAT = "dwarf-with-dsym";
				ENABLE_NS_ASSERTIONS = NO;
				ENABLE_STRICT_OBJC_MSGSEND = YES;
				GCC_C_LANGUAGE_STANDARD = gnu11;
				GCC_NO_COMMON_BLOCKS = YES;
				GCC_WARN_64_TO_32_BIT_CONVERSION = YES;
				GCC_WARN_ABOUT_RETURN_TYPE = YES_ERROR;
				GCC_WARN_UNDECLARED_SELECTOR = YES;
				GCC_WARN_UNINITIALIZED_AUTOS = YES_AGGRESSIVE;
				GCC_WARN_UNUSED_FUNCTION = YES;
				GCC_WARN_UNUSED_VARIABLE = YES;
				IPHONEOS_DEPLOYMENT_TARGET = 13.4;
				MTL_ENABLE_DEBUG_INFO = NO;
				MTL_FAST_MATH = YES;
				SDKROOT = iphoneos;
				SWIFT_COMPILATION_MODE = wholemodule;
				SWIFT_OPTIMIZATION_LEVEL = "-O";
				VALIDATE_PRODUCT = YES;
			};
			name = Release;
		};
		898CC48E2448308B00F19E2F /* Debug */ = {
			isa = XCBuildConfiguration;
			baseConfigurationReference = C688CAC526A6979F5EF31AB2 /* Pods-KokoroTalk.debug.xcconfig */;
			buildSettings = {
				ASSETCATALOG_COMPILER_APPICON_NAME = AppIcon;
				CODE_SIGN_STYLE = Automatic;
				DEVELOPMENT_TEAM = ADZFR5532X;
				INFOPLIST_FILE = KokoroTalk/Info.plist;
				LD_RUNPATH_SEARCH_PATHS = (
					"$(inherited)",
					"@executable_path/Frameworks",
				);
				PRODUCT_BUNDLE_IDENTIFIER = com.ryo7032.KokoroTalk;
				PRODUCT_NAME = "$(TARGET_NAME)";
				SWIFT_VERSION = 5.0;
				TARGETED_DEVICE_FAMILY = 1;
			};
			name = Debug;
		};
		898CC48F2448308B00F19E2F /* Release */ = {
			isa = XCBuildConfiguration;
			baseConfigurationReference = DAE7A78B347AA56914487167 /* Pods-KokoroTalk.release.xcconfig */;
			buildSettings = {
				ASSETCATALOG_COMPILER_APPICON_NAME = AppIcon;
				CODE_SIGN_STYLE = Automatic;
				DEVELOPMENT_TEAM = ADZFR5532X;
				INFOPLIST_FILE = KokoroTalk/Info.plist;
				LD_RUNPATH_SEARCH_PATHS = (
					"$(inherited)",
					"@executable_path/Frameworks",
				);
				PRODUCT_BUNDLE_IDENTIFIER = com.ryo7032.KokoroTalk;
				PRODUCT_NAME = "$(TARGET_NAME)";
				SWIFT_VERSION = 5.0;
				TARGETED_DEVICE_FAMILY = 1;
			};
			name = Release;
		};
/* End XCBuildConfiguration section */

/* Begin XCConfigurationList section */
		898CC4742448308500F19E2F /* Build configuration list for PBXProject "KokoroTalk" */ = {
			isa = XCConfigurationList;
			buildConfigurations = (
				898CC48B2448308B00F19E2F /* Debug */,
				898CC48C2448308B00F19E2F /* Release */,
			);
			defaultConfigurationIsVisible = 0;
			defaultConfigurationName = Release;
		};
		898CC48D2448308B00F19E2F /* Build configuration list for PBXNativeTarget "KokoroTalk" */ = {
			isa = XCConfigurationList;
			buildConfigurations = (
				898CC48E2448308B00F19E2F /* Debug */,
				898CC48F2448308B00F19E2F /* Release */,
			);
			defaultConfigurationIsVisible = 0;
			defaultConfigurationName = Release;
		};
/* End XCConfigurationList section */
	};
	rootObject = 898CC4712448308500F19E2F /* Project object */;
}
